
Microsoft Visual Studio Solution File, Format Version 12.00
# Visual Studio Version 16
VisualStudioVersion = 16.0.30804.86
MinimumVisualStudioVersion = 10.0.40219.1
Project("{FAE04EC0-301F-11D3-BF4B-00C04F79EFBC}") = "sample-sdk-api-unique-variation-from-spintax", "sample-sdk-api-unique-variation-from-spintax\sample-sdk-api-unique-variation-from-spintax.csproj", "{E408791B-4D39-4D75-A8E6-6D89DD3DF342}"
EndProject
Global
	GlobalSection(SolutionConfigurationPlatforms) = preSolution
		Debug|Any CPU = Debug|Any CPU
		Release|Any CPU = Release|Any CPU
	EndGlobalSection
	GlobalSection(ProjectConfigurationPlatforms) = postSolution
		{E408791B-4D39-4D75-A8E6-6D89DD3DF342}.Debug|Any CPU.ActiveCfg = Debug|Any CPU
		{E408791B-4D39-4D75-A8E6-6D89DD3DF342}.Debug|Any CPU.Build.0 = Debug|Any CPU
		{E408791B-4D39-4D75-A8E6-6D89DD3DF342}.Release|Any CPU.ActiveCfg = Release|Any CPU
		{E408791B-4D39-4D75-A8E6-6D89DD3DF342}.Release|Any CPU.Build.0 = Release|Any CPU
	EndGlobalSection
	GlobalSection(SolutionProperties) = preSolution
		HideSolutionNode = FALSE
	EndGlobalSection
	GlobalSection(ExtensibilityGlobals) = postSolution
		SolutionGuid = {02DBE554-941D-42E5-B4B6-8BE9810B86BD}
	EndGlobalSection
EndGlobal
